github.com/davecgh/go-spew v1.1.0 h1:ZDRjVQ15GmhC3fiQ8ni8+OwkZQO4DARzQgrnXU1Liz8=
github.com/davecgh/go-spew v1.1.0/go.mod h1:J7Y8YcW2NihsgmVo/mv3lAwl/skON4iLHjSsI+c5H38=
github.com/levenlabs/errctx v0.0.0-20191115155630-49b523d83177 h1:yltlHO5Q9otfXz8atXJ6kSjR9MJ8uVTkrvVwcx8IAUc=
github.com/levenlabs/errctx v0.0.0-20191115155630-49b523d83177/go.mod h1:vV4IjpzqI4caDxaziJWQLzEzMx5PYMoVIwcYiWuqwEA=
github.com/levenlabs/errctx v0.0.0-20200420124139-a06d24906a20 h1:124HjKNjOP8hLnFCdh0x/BxEFHodo36gW2DIwRWsVSY=
github.com/levenlabs/errctx v0.0.0-20200420124139-a06d24906a20/go.mod h1:vV4IjpzqI4caDxaziJWQLzEzMx5PYMoVIwcYiWuqwEA=
github.com/levenlabs/go-llog v0.0.0-20191108175717-7bd0bdf8e51e h1:qKebx3udyWIk45P4Y+2HyFkfHLy6wH6boWOL1iz6lcU=
github.com/levenlabs/go-llog v0.0.0-20191108175717-7bd0bdf8e51e/go.mod h1:q+rEmGJ/6D3aknruHtAIRSXFKv828DveHHT9V++uxZ4=
github.com/levenlabs/go-llog v0.0.0-20201030031741-ff046a95d545 h1:aUi/Rv4+2NugzWpr9Rp1qsLyGX00xKkL3tU0wbVKUe4=
github.com/levenlabs/go-llog v0.0.0-20201030031741-ff046a95d545/go.mod h1:q+rEmGJ/6D3aknruHtAIRSXFKv828DveHHT9V++uxZ4=
github.com/pmezard/go-difflib v1.0.0 h1:4DBwDE0NGyQoBHbLQYPwSUPoCMWR5BEzIk/f1lZbAQM=
github.com/pmezard/go-difflib v1.0.0/go.mod h1:iKH77koFhYxTK1pcRnkKkqfTogsbg7gZNVY4sRDYZ/4=
github.com/stretchr/objx v0.1.0/go.mod h1:HFkY916IF+rwdDfMAkV7OtwuqBVzrE8GR6GFx+wExME=
github.com/stretchr/testify v1.6.1 h1:hDPOHmpOpP40lSULcqw7IrRb/u7w6RpDC9399XyoNd0=
github.com/stretchr/testify v1.6.1/go.mod h1:6Fq8oRcR53rry900zMqJjRRixrwX3KX962/h/Wwjteg=
gopkg.in/check.v1 v0.0.0-20161208181325-20d25e280405/go.mod h1:Co6ibVJAznAaIkqp8huTwlJQCZ016jof/cbN4VW5Yz0=
gopkg.in/yaml.v3 v3.0.0-20200313102051-9f266ea9e77c h1:dUUwHk2QECo/6vqA44rthZ8ie2QXMNeKRTHCNY2nXvo=
gopkg.in/yaml.v3 v3.0.0-20200313102051-9f266ea9e77c/go.mod h1:K4uyk7z7BCEPqu6E+C64Yfv1cQ7kz7rIZviUmN+EgEM=
